
Microsoft Visual Studio Solution File, Format Version 11.00
# Visual Studio 2010
Project("{FAE04EC0-301F-11D3-BF4B-00C04F79EFBC}") = "WeChatSdk", "src\WeChatSdk\WeChatSdk.csproj", "{DEF0863D-E4E1-49E6-89CC-3AA2F51DFEDA}"
EndProject
Project("{FAE04EC0-301F-11D3-BF4B-00C04F79EFBC}") = "WeChatSdk.Hosting", "src\WeChatSdk.Hosting\WeChatSdk.Hosting.csproj", "{5E936FE8-85CE-4CE4-AEAE-D5301AD0BA2E}"
EndProject
Project("{FAE04EC0-301F-11D3-BF4B-00C04F79EFBC}") = "WeChatSdk.Tests", "src\WeChatSdk.Tests\WeChatSdk.Tests.csproj", "{93966459-5F86-4FC9-B3BC-A25E4F672C53}"
EndProject
Project("{FAE04EC0-301F-11D3-BF4B-00C04F79EFBC}") = "WeChatSdk.MenuUtil", "src\WeChatSdk.MenuUtil\WeChatSdk.MenuUtil.csproj", "{D33A85DD-514C-4403-A253-9B6440C13CA3}"
EndProject
Project("{FAE04EC0-301F-11D3-BF4B-00C04F79EFBC}") = "WeChatSdk.Distribution", "src\WeChatSdk.Distribution\WeChatSdk.Distribution.csproj", "{261669C0-A096-47E7-881E-67352A46095B}"
EndProject
Global
	GlobalSection(SolutionConfigurationPlatforms) = preSolution
		Debug|Any CPU = Debug|Any CPU
		Release|Any CPU = Release|Any CPU
	EndGlobalSection
	GlobalSection(ProjectConfigurationPlatforms) = postSolution
		{261669C0-A096-47E7-881E-67352A46095B}.Debug|Any CPU.ActiveCfg = Debug|Any CPU
		{261669C0-A096-47E7-881E-67352A46095B}.Debug|Any CPU.Build.0 = Debug|Any CPU
		{261669C0-A096-47E7-881E-67352A46095B}.Release|Any CPU.ActiveCfg = Release|Any CPU
		{261669C0-A096-47E7-881E-67352A46095B}.Release|Any CPU.Build.0 = Release|Any CPU
		{5E936FE8-85CE-4CE4-AEAE-D5301AD0BA2E}.Debug|Any CPU.ActiveCfg = Debug|Any CPU
		{5E936FE8-85CE-4CE4-AEAE-D5301AD0BA2E}.Debug|Any CPU.Build.0 = Debug|Any CPU
		{5E936FE8-85CE-4CE4-AEAE-D5301AD0BA2E}.Release|Any CPU.ActiveCfg = Release|Any CPU
		{5E936FE8-85CE-4CE4-AEAE-D5301AD0BA2E}.Release|Any CPU.Build.0 = Release|Any CPU
		{93966459-5F86-4FC9-B3BC-A25E4F672C53}.Debug|Any CPU.ActiveCfg = Debug|Any CPU
		{93966459-5F86-4FC9-B3BC-A25E4F672C53}.Debug|Any CPU.Build.0 = Debug|Any CPU
		{93966459-5F86-4FC9-B3BC-A25E4F672C53}.Release|Any CPU.ActiveCfg = Release|Any CPU
		{93966459-5F86-4FC9-B3BC-A25E4F672C53}.Release|Any CPU.Build.0 = Release|Any CPU
		{D33A85DD-514C-4403-A253-9B6440C13CA3}.Debug|Any CPU.ActiveCfg = Debug|Any CPU
		{D33A85DD-514C-4403-A253-9B6440C13CA3}.Debug|Any CPU.Build.0 = Debug|Any CPU
		{D33A85DD-514C-4403-A253-9B6440C13CA3}.Release|Any CPU.ActiveCfg = Release|Any CPU
		{D33A85DD-514C-4403-A253-9B6440C13CA3}.Release|Any CPU.Build.0 = Release|Any CPU
		{DEF0863D-E4E1-49E6-89CC-3AA2F51DFEDA}.Debug|Any CPU.ActiveCfg = Debug|Any CPU
		{DEF0863D-E4E1-49E6-89CC-3AA2F51DFEDA}.Debug|Any CPU.Build.0 = Debug|Any CPU
		{DEF0863D-E4E1-49E6-89CC-3AA2F51DFEDA}.Release|Any CPU.ActiveCfg = Release|Any CPU
		{DEF0863D-E4E1-49E6-89CC-3AA2F51DFEDA}.Release|Any CPU.Build.0 = Release|Any CPU
	EndGlobalSection
	GlobalSection(MonoDevelopProperties) = preSolution
		StartupItem = src\WeChatSdk.Tests\WeChatSdk.Tests.csproj
	EndGlobalSection
EndGlobal
